
Microsoft Visual Studio Solution File, Format Version 12.00
# Visual Studio 15
VisualStudioVersion = 15.0.28307.572
MinimumVisualStudioVersion = 10.0.40219.1
Project("{FAE04EC0-301F-11D3-BF4B-00C04F79EFBC}") = "DinamicAspect", "DinamicAspect\DinamicAspect.csproj", "{5F1303DB-A00B-4CEF-9767-68021461E468}"
EndProject
Project("{FAE04EC0-301F-11D3-BF4B-00C04F79EFBC}") = "DinamicAspectTests2", "DinamicAspectTests2\DinamicAspectTests2.csproj", "{D83D60A9-8004-46D3-9568-8E616B2E6E37}"
EndProject
Global
	GlobalSection(SolutionConfigurationPlatforms) = preSolution
		Debug|Any CPU = Debug|Any CPU
		Release|Any CPU = Release|Any CPU
	EndGlobalSection
	GlobalSection(ProjectConfigurationPlatforms) = postSolution
		{5F1303DB-A00B-4CEF-9767-68021461E468}.Debug|Any CPU.ActiveCfg = Debug|Any CPU
		{5F1303DB-A00B-4CEF-9767-68021461E468}.Debug|Any CPU.Build.0 = Debug|Any CPU
		{5F1303DB-A00B-4CEF-9767-68021461E468}.Release|Any CPU.ActiveCfg = Release|Any CPU
		{5F1303DB-A00B-4CEF-9767-68021461E468}.Release|Any CPU.Build.0 = Release|Any CPU
		{D83D60A9-8004-46D3-9568-8E616B2E6E37}.Debug|Any CPU.ActiveCfg = Debug|Any CPU
		{D83D60A9-8004-46D3-9568-8E616B2E6E37}.Debug|Any CPU.Build.0 = Debug|Any CPU
		{D83D60A9-8004-46D3-9568-8E616B2E6E37}.Release|Any CPU.ActiveCfg = Release|Any CPU
		{D83D60A9-8004-46D3-9568-8E616B2E6E37}.Release|Any CPU.Build.0 = Release|Any CPU
	EndGlobalSection
	GlobalSection(SolutionProperties) = preSolution
		HideSolutionNode = FALSE
	EndGlobalSection
	GlobalSection(ExtensibilityGlobals) = postSolution
		SolutionGuid = {38D2BE20-437C-4A28-9815-B983F9D60B86}
	EndGlobalSection
EndGlobal
